
Microsoft Visual Studio Solution File, Format Version 12.00
# Visual Studio 2012
Project("{FAE04EC0-301F-11D3-BF4B-00C04F79EFBC}") = "UnityVS.TetrisProgramAce.CSharp", "UnityVS.TetrisProgramAce.CSharp.csproj", "{BC4EDFEB-E1DD-78F9-8F63-DACEC8589A25}"
EndProject
Global
	GlobalSection(SolutionConfigurationPlatforms) = preSolution
		Debug|Any CPU = Debug|Any CPU
		Release|Any CPU = Release|Any CPU
	EndGlobalSection
	GlobalSection(ProjectConfigurationPlatforms) = postSolution
		{BC4EDFEB-E1DD-78F9-8F63-DACEC8589A25}.Debug|Any CPU.ActiveCfg = Debug|Any CPU
		{BC4EDFEB-E1DD-78F9-8F63-DACEC8589A25}.Debug|Any CPU.Build.0 = Debug|Any CPU
		{BC4EDFEB-E1DD-78F9-8F63-DACEC8589A25}.Release|Any CPU.ActiveCfg = Release|Any CPU
		{BC4EDFEB-E1DD-78F9-8F63-DACEC8589A25}.Release|Any CPU.Build.0 = Release|Any CPU
	EndGlobalSection
	GlobalSection(SolutionProperties) = preSolution
		HideSolutionNode = FALSE
	EndGlobalSection
EndGlobal
